
Microsoft Visual Studio Solution File, Format Version 12.00
# Visual Studio Version 16
VisualStudioVersion = 16.0.30204.135
MinimumVisualStudioVersion = 10.0.40219.1
Project("{9A19103F-16F7-4668-BE54-9A1E7A4F7556}") = "DaJet", "DaJet\DaJet.csproj", "{C212745B-0B7B-4A76-B0B1-107ECD213D67}"
EndProject
Project("{FAE04EC0-301F-11D3-BF4B-00C04F79EFBC}") = "DaJet.Studio", "DaJet.Studio\DaJet.Studio.csproj", "{165343D4-78F9-4209-B295-F2761413CEF9}"
EndProject
Global
	GlobalSection(SolutionConfigurationPlatforms) = preSolution
		Debug|Any CPU = Debug|Any CPU
		Release|Any CPU = Release|Any CPU
	EndGlobalSection
	GlobalSection(ProjectConfigurationPlatforms) = postSolution
		{C212745B-0B7B-4A76-B0B1-107ECD213D67}.Debug|Any CPU.ActiveCfg = Debug|Any CPU
		{C212745B-0B7B-4A76-B0B1-107ECD213D67}.Debug|Any CPU.Build.0 = Debug|Any CPU
		{C212745B-0B7B-4A76-B0B1-107ECD213D67}.Release|Any CPU.ActiveCfg = Release|Any CPU
		{C212745B-0B7B-4A76-B0B1-107ECD213D67}.Release|Any CPU.Build.0 = Release|Any CPU
		{165343D4-78F9-4209-B295-F2761413CEF9}.Debug|Any CPU.ActiveCfg = Debug|Any CPU
		{165343D4-78F9-4209-B295-F2761413CEF9}.Debug|Any CPU.Build.0 = Debug|Any CPU
		{165343D4-78F9-4209-B295-F2761413CEF9}.Release|Any CPU.ActiveCfg = Release|Any CPU
		{165343D4-78F9-4209-B295-F2761413CEF9}.Release|Any CPU.Build.0 = Release|Any CPU
	EndGlobalSection
	GlobalSection(SolutionProperties) = preSolution
		HideSolutionNode = FALSE
	EndGlobalSection
	GlobalSection(ExtensibilityGlobals) = postSolution
		SolutionGuid = {C32209AD-6318-4F0E-B32E-C90AA154713F}
	EndGlobalSection
EndGlobal
